
Microsoft Visual Studio Solution File, Format Version 12.00
# Visual Studio Version 17
VisualStudioVersion = 17.13.35919.96 d17.13
MinimumVisualStudioVersion = 10.0.40219.1
Project("{FAE04EC0-301F-11D3-BF4B-00C04F79EFBC}") = "bankomat", "bankomat\bankomat.csproj", "{81C43278-9DBB-4FAB-93A2-35D184089684}"
EndProject
Global
	GlobalSection(SolutionConfigurationPlatforms) = preSolution
		Debug|Any CPU = Debug|Any CPU
		Release|Any CPU = Release|Any CPU
	EndGlobalSection
	GlobalSection(ProjectConfigurationPlatforms) = postSolution
		{81C43278-9DBB-4FAB-93A2-35D184089684}.Debug|Any CPU.ActiveCfg = Debug|Any CPU
		{81C43278-9DBB-4FAB-93A2-35D184089684}.Debug|Any CPU.Build.0 = Debug|Any CPU
		{81C43278-9DBB-4FAB-93A2-35D184089684}.Release|Any CPU.ActiveCfg = Release|Any CPU
		{81C43278-9DBB-4FAB-93A2-35D184089684}.Release|Any CPU.Build.0 = Release|Any CPU
	EndGlobalSection
	GlobalSection(SolutionProperties) = preSolution
		HideSolutionNode = FALSE
	EndGlobalSection
	GlobalSection(ExtensibilityGlobals) = postSolution
		SolutionGuid = {D771C316-F774-4679-8C53-82A981161E44}
	EndGlobalSection
EndGlobal
